
Microsoft Visual Studio Solution File, Format Version 12.00
# Visual Studio Version 17
VisualStudioVersion = 17.6.33723.286
MinimumVisualStudioVersion = 10.0.40219.1
Project("{FAE04EC0-301F-11D3-BF4B-00C04F79EFBC}") = "2", "2\2.csproj", "{22D6EAC0-A323-4B08-A87E-7B4C3ECEEFFD}"
EndProject
Global
	GlobalSection(SolutionConfigurationPlatforms) = preSolution
		Debug|Any CPU = Debug|Any CPU
		Release|Any CPU = Release|Any CPU
	EndGlobalSection
	GlobalSection(ProjectConfigurationPlatforms) = postSolution
		{22D6EAC0-A323-4B08-A87E-7B4C3ECEEFFD}.Debug|Any CPU.ActiveCfg = Debug|Any CPU
		{22D6EAC0-A323-4B08-A87E-7B4C3ECEEFFD}.Debug|Any CPU.Build.0 = Debug|Any CPU
		{22D6EAC0-A323-4B08-A87E-7B4C3ECEEFFD}.Release|Any CPU.ActiveCfg = Release|Any CPU
		{22D6EAC0-A323-4B08-A87E-7B4C3ECEEFFD}.Release|Any CPU.Build.0 = Release|Any CPU
	EndGlobalSection
	GlobalSection(SolutionProperties) = preSolution
		HideSolutionNode = FALSE
	EndGlobalSection
	GlobalSection(ExtensibilityGlobals) = postSolution
		SolutionGuid = {BAD75070-5C89-43B6-9B88-903E46574E13}
	EndGlobalSection
EndGlobal
